
Microsoft Visual Studio Solution File, Format Version 12.00
# Visual Studio Version 17
VisualStudioVersion = 17.6.33717.318
MinimumVisualStudioVersion = 10.0.40219.1
Project("{FAE04EC0-301F-11D3-BF4B-00C04F79EFBC}") = "GiaoVilla_VillaAPI", "GiaoVilla_VillaAPI\GiaoVilla_VillaAPI.csproj", "{0D198556-D9F2-447E-AF29-89D3590623CD}"
EndProject
Global
	GlobalSection(SolutionConfigurationPlatforms) = preSolution
		Debug|Any CPU = Debug|Any CPU
		Release|Any CPU = Release|Any CPU
	EndGlobalSection
	GlobalSection(ProjectConfigurationPlatforms) = postSolution
		{0D198556-D9F2-447E-AF29-89D3590623CD}.Debug|Any CPU.ActiveCfg = Debug|Any CPU
		{0D198556-D9F2-447E-AF29-89D3590623CD}.Debug|Any CPU.Build.0 = Debug|Any CPU
		{0D198556-D9F2-447E-AF29-89D3590623CD}.Release|Any CPU.ActiveCfg = Release|Any CPU
		{0D198556-D9F2-447E-AF29-89D3590623CD}.Release|Any CPU.Build.0 = Release|Any CPU
	EndGlobalSection
	GlobalSection(SolutionProperties) = preSolution
		HideSolutionNode = FALSE
	EndGlobalSection
	GlobalSection(ExtensibilityGlobals) = postSolution
		SolutionGuid = {861479C9-C38E-492E-B4FF-31CB86F91A24}
	EndGlobalSection
EndGlobal
